
Microsoft Visual Studio Solution File, Format Version 12.00
# Visual Studio Version 17
VisualStudioVersion = 17.0.31717.71
MinimumVisualStudioVersion = 10.0.40219.1
Project("{9A19103F-16F7-4668-BE54-9A1E7A4F7556}") = "VkNet.ExecuteExtension", "VkNet.ExecuteExtension\VkNet.ExecuteExtension.csproj", "{D4261957-07A0-44A7-8606-3DEC109F877E}"
EndProject
Project("{9A19103F-16F7-4668-BE54-9A1E7A4F7556}") = "VkNet.ExecuteExtension.Tests", "VkNet.ExecuteExtension.Tests\VkNet.ExecuteExtension.Tests.csproj", "{5640493B-70C9-4EA4-8AFE-15C16916A97B}"
EndProject
Project("{2150E333-8FDC-42A3-9474-1A3956D46DE8}") = "examples", "examples", "{FC2B58AF-40AD-496F-95FD-FCE6B3A86F12}"
EndProject
Project("{9A19103F-16F7-4668-BE54-9A1E7A4F7556}") = "ExampleApp", "examples\ExampleApp\ExampleApp.csproj", "{5D48E7C8-7FA9-45FA-A210-B45544BB2AD1}"
EndProject
Project("{FAE04EC0-301F-11D3-BF4B-00C04F79EFBC}") = "RequestRateTest", "examples\RequestRateTest\RequestRateTest.csproj", "{E6AD818B-8059-4D87-9047-B9E611CC738D}"
EndProject
Global
	GlobalSection(SolutionConfigurationPlatforms) = preSolution
		Debug|Any CPU = Debug|Any CPU
		Release|Any CPU = Release|Any CPU
	EndGlobalSection
	GlobalSection(ProjectConfigurationPlatforms) = postSolution
		{D4261957-07A0-44A7-8606-3DEC109F877E}.Debug|Any CPU.ActiveCfg = Debug|Any CPU
		{D4261957-07A0-44A7-8606-3DEC109F877E}.Debug|Any CPU.Build.0 = Debug|Any CPU
		{D4261957-07A0-44A7-8606-3DEC109F877E}.Release|Any CPU.ActiveCfg = Release|Any CPU
		{D4261957-07A0-44A7-8606-3DEC109F877E}.Release|Any CPU.Build.0 = Release|Any CPU
		{5640493B-70C9-4EA4-8AFE-15C16916A97B}.Debug|Any CPU.ActiveCfg = Debug|Any CPU
		{5640493B-70C9-4EA4-8AFE-15C16916A97B}.Debug|Any CPU.Build.0 = Debug|Any CPU
		{5640493B-70C9-4EA4-8AFE-15C16916A97B}.Release|Any CPU.ActiveCfg = Release|Any CPU
		{5640493B-70C9-4EA4-8AFE-15C16916A97B}.Release|Any CPU.Build.0 = Release|Any CPU
		{5D48E7C8-7FA9-45FA-A210-B45544BB2AD1}.Debug|Any CPU.ActiveCfg = Debug|Any CPU
		{5D48E7C8-7FA9-45FA-A210-B45544BB2AD1}.Debug|Any CPU.Build.0 = Debug|Any CPU
		{5D48E7C8-7FA9-45FA-A210-B45544BB2AD1}.Release|Any CPU.ActiveCfg = Release|Any CPU
		{5D48E7C8-7FA9-45FA-A210-B45544BB2AD1}.Release|Any CPU.Build.0 = Release|Any CPU
		{E6AD818B-8059-4D87-9047-B9E611CC738D}.Debug|Any CPU.ActiveCfg = Debug|Any CPU
		{E6AD818B-8059-4D87-9047-B9E611CC738D}.Debug|Any CPU.Build.0 = Debug|Any CPU
		{E6AD818B-8059-4D87-9047-B9E611CC738D}.Release|Any CPU.ActiveCfg = Release|Any CPU
		{E6AD818B-8059-4D87-9047-B9E611CC738D}.Release|Any CPU.Build.0 = Release|Any CPU
	EndGlobalSection
	GlobalSection(SolutionProperties) = preSolution
		HideSolutionNode = FALSE
	EndGlobalSection
	GlobalSection(NestedProjects) = preSolution
		{5D48E7C8-7FA9-45FA-A210-B45544BB2AD1} = {FC2B58AF-40AD-496F-95FD-FCE6B3A86F12}
		{E6AD818B-8059-4D87-9047-B9E611CC738D} = {FC2B58AF-40AD-496F-95FD-FCE6B3A86F12}
	EndGlobalSection
	GlobalSection(ExtensibilityGlobals) = postSolution
		SolutionGuid = {3FCEEF5A-C224-4322-BC0C-308C8C5715B6}
	EndGlobalSection
EndGlobal
